{"filter":false,"title":"Gemfile.lock","tooltip":"/Bookers/Gemfile.lock","undoManager":{"mark":-1,"position":-1,"stack":[]},"ace":{"folds":[],"scrolltop":0,"scrollleft":0,"selection":{"start":{"row":0,"column":0},"end":{"row":0,"column":0},"isBackwards":false},"options":{"guessTabSize":true,"useWrapMode":false,"wrapToView":true},"firstLineState":0},"timestamp":1630571870288,"hash":"97d0350cb64cd9757504cbc06c2a28a19b6b7308"}